lockfileVersion: '9.0'

settings:
  autoInstallPeers: true
  excludeLinksFromLockfile: false

importers:

  .:
    dependencies:
      '@peiyanlu/cli-utils':
        specifier: ^0.0.4
        version: 0.0.4

packages:

  '@peiyanlu/cli-utils@0.0.4':
    resolution: {integrity: sha512-HR3xvUmpZT94DTwmMIeD80preNpFNTkxA61SblnNPxEKl7Kxh3cZD/44dP3CLg7aTFnNmAAyvWGyNjo7F0vqkA==}
    engines: {node: '>=20'}

snapshots:

  '@peiyanlu/cli-utils@0.0.4': {}
